
Microsoft Visual Studio Solution File, Format Version 12.00
# Visual Studio 2012
Project("{FAE04EC0-301F-11D3-BF4B-00C04F79EFBC}") = "TYDNewsDemo", "Demo\TYDNewsDemo\TYDNewsDemo.csproj", "{98090192-1440-4E9F-867D-5F0A60342718}"
EndProject
Project("{FAE04EC0-301F-11D3-BF4B-00C04F79EFBC}") = "TYDNewsDemoTest", "..\test\TYDNewsDemoTest\TYDNewsDemoTest.csproj", "{FDDBF819-2011-4FD1-9CB0-3DA08D731D9E}"
EndProject
Project("{2150E333-8FDC-42A3-9474-1A3956D46DE8}") = "Core", "Core", "{9262A736-5180-46F7-A14A-DAD9E7C61C29}"
EndProject
Project("{2150E333-8FDC-42A3-9474-1A3956D46DE8}") = "Test", "Test", "{261EAFE7-C374-4A3F-86FE-B95404EED20C}"
EndProject
Project("{2150E333-8FDC-42A3-9474-1A3956D46DE8}") = "Script", "Script", "{B7575015-CFCC-47EF-8B38-DE4D61557466}"
EndProject
Project("{2150E333-8FDC-42A3-9474-1A3956D46DE8}") = "Demo", "Demo", "{5F2982B3-B3D6-4D39-B3C9-5C74EDCEFDE4}"
EndProject
Project("{2150E333-8FDC-42A3-9474-1A3956D46DE8}") = "WebSite", "WebSite", "{CF6C33BD-588A-4EB4-9662-227E90595AAF}"
EndProject
Project("{2150E333-8FDC-42A3-9474-1A3956D46DE8}") = "WinService", "WinService", "{242CDD9D-A430-4DC5-A95F-AEDD4BC9192A}"
EndProject
Project("{FAE04EC0-301F-11D3-BF4B-00C04F79EFBC}") = "FrameMobile.Core", "FrameMobile.Core\FrameMobile.Core.csproj", "{2BC5B332-1AFC-4921-AC20-F9FA54352293}"
EndProject
Project("{FAE04EC0-301F-11D3-BF4B-00C04F79EFBC}") = "FrameMobile.Domain", "FrameMobile.Domain\FrameMobile.Domain.csproj", "{4CCF9865-E731-4065-9638-114BDD12C2BF}"
EndProject
Project("{FAE04EC0-301F-11D3-BF4B-00C04F79EFBC}") = "FrameMobile.Common", "FrameMobile.Common\FrameMobile.Common.csproj", "{4EAB6159-E307-4C31-8241-0CB556778111}"
EndProject
Project("{2150E333-8FDC-42A3-9474-1A3956D46DE8}") = "Tool", "Tool", "{FEE8CC0D-9AB0-4089-B377-0933C80D9139}"
EndProject
Project("{FAE04EC0-301F-11D3-BF4B-00C04F79EFBC}") = "FrameMobile.Model", "FrameMobile.Model\FrameMobile.Model.csproj", "{451FC1B1-E472-46A9-BB21-6D619F162F75}"
EndProject
Project("{FAE04EC0-301F-11D3-BF4B-00C04F79EFBC}") = "FetchTouTiaoApp", "..\tool\FetchTouTiaoApp\FetchTouTiaoApp.csproj", "{8274362D-9CA3-49AE-A7EC-700346FC5637}"
EndProject
Project("{FAE04EC0-301F-11D3-BF4B-00C04F79EFBC}") = "FrameMobile.Cache", "FrameMobile.Cache\FrameMobile.Cache.csproj", "{F304BAA0-B2F6-415F-B7A2-6AF1BDE76E83}"
EndProject
Project("{FAE04EC0-301F-11D3-BF4B-00C04F79EFBC}") = "FrameMobile.UnitTests", "..\test\FrameMobile.UnitTests\FrameMobile.UnitTests.csproj", "{E29DC22B-C075-47B9-880D-BF4B2464EF02}"
EndProject
Global
	GlobalSection(SolutionConfigurationPlatforms) = preSolution
		Debug|Any CPU = Debug|Any CPU
		Release|Any CPU = Release|Any CPU
	EndGlobalSection
	GlobalSection(ProjectConfigurationPlatforms) = postSolution
		{98090192-1440-4E9F-867D-5F0A60342718}.Debug|Any CPU.ActiveCfg = Debug|Any CPU
		{98090192-1440-4E9F-867D-5F0A60342718}.Debug|Any CPU.Build.0 = Debug|Any CPU
		{98090192-1440-4E9F-867D-5F0A60342718}.Release|Any CPU.ActiveCfg = Release|Any CPU
		{98090192-1440-4E9F-867D-5F0A60342718}.Release|Any CPU.Build.0 = Release|Any CPU
		{FDDBF819-2011-4FD1-9CB0-3DA08D731D9E}.Debug|Any CPU.ActiveCfg = Debug|Any CPU
		{FDDBF819-2011-4FD1-9CB0-3DA08D731D9E}.Debug|Any CPU.Build.0 = Debug|Any CPU
		{FDDBF819-2011-4FD1-9CB0-3DA08D731D9E}.Release|Any CPU.ActiveCfg = Release|Any CPU
		{FDDBF819-2011-4FD1-9CB0-3DA08D731D9E}.Release|Any CPU.Build.0 = Release|Any CPU
		{2BC5B332-1AFC-4921-AC20-F9FA54352293}.Debug|Any CPU.ActiveCfg = Debug|Any CPU
		{2BC5B332-1AFC-4921-AC20-F9FA54352293}.Debug|Any CPU.Build.0 = Debug|Any CPU
		{2BC5B332-1AFC-4921-AC20-F9FA54352293}.Release|Any CPU.ActiveCfg = Release|Any CPU
		{2BC5B332-1AFC-4921-AC20-F9FA54352293}.Release|Any CPU.Build.0 = Release|Any CPU
		{4CCF9865-E731-4065-9638-114BDD12C2BF}.Debug|Any CPU.ActiveCfg = Debug|Any CPU
		{4CCF9865-E731-4065-9638-114BDD12C2BF}.Debug|Any CPU.Build.0 = Debug|Any CPU
		{4CCF9865-E731-4065-9638-114BDD12C2BF}.Release|Any CPU.ActiveCfg = Release|Any CPU
		{4CCF9865-E731-4065-9638-114BDD12C2BF}.Release|Any CPU.Build.0 = Release|Any CPU
		{4EAB6159-E307-4C31-8241-0CB556778111}.Debug|Any CPU.ActiveCfg = Debug|Any CPU
		{4EAB6159-E307-4C31-8241-0CB556778111}.Debug|Any CPU.Build.0 = Debug|Any CPU
		{4EAB6159-E307-4C31-8241-0CB556778111}.Release|Any CPU.ActiveCfg = Release|Any CPU
		{4EAB6159-E307-4C31-8241-0CB556778111}.Release|Any CPU.Build.0 = Release|Any CPU
		{451FC1B1-E472-46A9-BB21-6D619F162F75}.Debug|Any CPU.ActiveCfg = Debug|Any CPU
		{451FC1B1-E472-46A9-BB21-6D619F162F75}.Debug|Any CPU.Build.0 = Debug|Any CPU
		{451FC1B1-E472-46A9-BB21-6D619F162F75}.Release|Any CPU.ActiveCfg = Release|Any CPU
		{451FC1B1-E472-46A9-BB21-6D619F162F75}.Release|Any CPU.Build.0 = Release|Any CPU
		{8274362D-9CA3-49AE-A7EC-700346FC5637}.Debug|Any CPU.ActiveCfg = Debug|Any CPU
		{8274362D-9CA3-49AE-A7EC-700346FC5637}.Debug|Any CPU.Build.0 = Debug|Any CPU
		{8274362D-9CA3-49AE-A7EC-700346FC5637}.Release|Any CPU.ActiveCfg = Release|Any CPU
		{8274362D-9CA3-49AE-A7EC-700346FC5637}.Release|Any CPU.Build.0 = Release|Any CPU
		{F304BAA0-B2F6-415F-B7A2-6AF1BDE76E83}.Debug|Any CPU.ActiveCfg = Debug|Any CPU
		{F304BAA0-B2F6-415F-B7A2-6AF1BDE76E83}.Debug|Any CPU.Build.0 = Debug|Any CPU
		{F304BAA0-B2F6-415F-B7A2-6AF1BDE76E83}.Release|Any CPU.ActiveCfg = Release|Any CPU
		{F304BAA0-B2F6-415F-B7A2-6AF1BDE76E83}.Release|Any CPU.Build.0 = Release|Any CPU
		{E29DC22B-C075-47B9-880D-BF4B2464EF02}.Debug|Any CPU.ActiveCfg = Debug|Any CPU
		{E29DC22B-C075-47B9-880D-BF4B2464EF02}.Debug|Any CPU.Build.0 = Debug|Any CPU
		{E29DC22B-C075-47B9-880D-BF4B2464EF02}.Release|Any CPU.ActiveCfg = Release|Any CPU
		{E29DC22B-C075-47B9-880D-BF4B2464EF02}.Release|Any CPU.Build.0 = Release|Any CPU
	EndGlobalSection
	GlobalSection(SolutionProperties) = preSolution
		HideSolutionNode = FALSE
	EndGlobalSection
	GlobalSection(NestedProjects) = preSolution
		{98090192-1440-4E9F-867D-5F0A60342718} = {5F2982B3-B3D6-4D39-B3C9-5C74EDCEFDE4}
		{FDDBF819-2011-4FD1-9CB0-3DA08D731D9E} = {261EAFE7-C374-4A3F-86FE-B95404EED20C}
		{E29DC22B-C075-47B9-880D-BF4B2464EF02} = {261EAFE7-C374-4A3F-86FE-B95404EED20C}
		{2BC5B332-1AFC-4921-AC20-F9FA54352293} = {9262A736-5180-46F7-A14A-DAD9E7C61C29}
		{4CCF9865-E731-4065-9638-114BDD12C2BF} = {9262A736-5180-46F7-A14A-DAD9E7C61C29}
		{4EAB6159-E307-4C31-8241-0CB556778111} = {9262A736-5180-46F7-A14A-DAD9E7C61C29}
		{451FC1B1-E472-46A9-BB21-6D619F162F75} = {9262A736-5180-46F7-A14A-DAD9E7C61C29}
		{F304BAA0-B2F6-415F-B7A2-6AF1BDE76E83} = {9262A736-5180-46F7-A14A-DAD9E7C61C29}
		{8274362D-9CA3-49AE-A7EC-700346FC5637} = {FEE8CC0D-9AB0-4089-B377-0933C80D9139}
	EndGlobalSection
EndGlobal
