
Microsoft Visual Studio Solution File, Format Version 12.00
# Visual Studio 2012
Project("{FAE04EC0-301F-11D3-BF4B-00C04F79EFBC}") = "TYDNewsDemo", "Demo\TYDNewsDemo\TYDNewsDemo.csproj", "{98090192-1440-4E9F-867D-5F0A60342718}"
EndProject
Project("{FAE04EC0-301F-11D3-BF4B-00C04F79EFBC}") = "TYDNewsDemoTest", "..\test\TYDNewsDemoTest\TYDNewsDemoTest.csproj", "{FDDBF819-2011-4FD1-9CB0-3DA08D731D9E}"
EndProject
Project("{2150E333-8FDC-42A3-9474-1A3956D46DE8}") = "Core", "Core", "{9262A736-5180-46F7-A14A-DAD9E7C61C29}"
EndProject
Project("{2150E333-8FDC-42A3-9474-1A3956D46DE8}") = "Test", "Test", "{261EAFE7-C374-4A3F-86FE-B95404EED20C}"
EndProject
Project("{2150E333-8FDC-42A3-9474-1A3956D46DE8}") = "Script", "Script", "{B7575015-CFCC-47EF-8B38-DE4D61557466}"
	ProjectSection(SolutionItems) = preProject
		InitilizeTouTiaoTable.sql = InitilizeTouTiaoTable.sql
		InsertConfigData.sql = InsertConfigData.sql
	EndProjectSection
EndProject
Project("{2150E333-8FDC-42A3-9474-1A3956D46DE8}") = "Demo", "Demo", "{5F2982B3-B3D6-4D39-B3C9-5C74EDCEFDE4}"
EndProject
Project("{2150E333-8FDC-42A3-9474-1A3956D46DE8}") = "WebSite", "WebSite", "{CF6C33BD-588A-4EB4-9662-227E90595AAF}"
EndProject
Project("{2150E333-8FDC-42A3-9474-1A3956D46DE8}") = "WinService", "WinService", "{242CDD9D-A430-4DC5-A95F-AEDD4BC9192A}"
EndProject
Project("{FAE04EC0-301F-11D3-BF4B-00C04F79EFBC}") = "FrameMobile.Core", "FrameMobile.Core\FrameMobile.Core.csproj", "{2BC5B332-1AFC-4921-AC20-F9FA54352293}"
EndProject
Project("{FAE04EC0-301F-11D3-BF4B-00C04F79EFBC}") = "FrameMobile.Domain", "FrameMobile.Domain\FrameMobile.Domain.csproj", "{4CCF9865-E731-4065-9638-114BDD12C2BF}"
EndProject
Project("{FAE04EC0-301F-11D3-BF4B-00C04F79EFBC}") = "FrameMobile.Common", "FrameMobile.Common\FrameMobile.Common.csproj", "{4EAB6159-E307-4C31-8241-0CB556778111}"
EndProject
Project("{2150E333-8FDC-42A3-9474-1A3956D46DE8}") = "Tool", "Tool", "{FEE8CC0D-9AB0-4089-B377-0933C80D9139}"
EndProject
Project("{FAE04EC0-301F-11D3-BF4B-00C04F79EFBC}") = "FrameMobile.Model", "FrameMobile.Model\FrameMobile.Model.csproj", "{451FC1B1-E472-46A9-BB21-6D619F162F75}"
EndProject
Project("{FAE04EC0-301F-11D3-BF4B-00C04F79EFBC}") = "FrameMobile.Cache", "FrameMobile.Cache\FrameMobile.Cache.csproj", "{F304BAA0-B2F6-415F-B7A2-6AF1BDE76E83}"
EndProject
Project("{FAE04EC0-301F-11D3-BF4B-00C04F79EFBC}") = "FrameMobile.UnitTests", "..\test\FrameMobile.UnitTests\FrameMobile.UnitTests.csproj", "{E29DC22B-C075-47B9-880D-BF4B2464EF02}"
EndProject
Project("{FAE04EC0-301F-11D3-BF4B-00C04F79EFBC}") = "Frame.Mobile.WebSite", "Frame.Mobile.WebSite\Frame.Mobile.WebSite.csproj", "{6C0FC517-A9EA-4A59-9C48-9C7716C0EB4A}"
EndProject
Project("{FAE04EC0-301F-11D3-BF4B-00C04F79EFBC}") = "TYDNewsService", "TYDNewsService\TYDNewsService.csproj", "{4E7BE422-3CFE-4BAB-9CA7-FE71F1668558}"
EndProject
Project("{FAE04EC0-301F-11D3-BF4B-00C04F79EFBC}") = "FrameMobile.Web", "FrameMobile.Web\FrameMobile.Web.csproj", "{048333FB-7F0C-4E8B-90FE-B333129C52BE}"
EndProject
Project("{2150E333-8FDC-42A3-9474-1A3956D46DE8}") = "News", "News", "{9EDEE298-3177-4112-8894-6DF882774079}"
EndProject
Project("{2150E333-8FDC-42A3-9474-1A3956D46DE8}") = "AppStores", "AppStores", "{97EA9343-93D8-4560-A53D-5CFF09D3EA7A}"
EndProject
Project("{2150E333-8FDC-42A3-9474-1A3956D46DE8}") = "Tencent", "Tencent", "{82322CF6-F270-431D-9CD8-B65F876392CD}"
EndProject
Project("{2150E333-8FDC-42A3-9474-1A3956D46DE8}") = "Qihoo", "Qihoo", "{B16F00DF-D9C6-4401-BEA7-2D6377D97906}"
EndProject
Project("{FAE04EC0-301F-11D3-BF4B-00C04F79EFBC}") = "QihooAppStoreCap.Runner", "..\tool\AppStores\QihooAppStoreCap.Runner\QihooAppStoreCap.Runner.csproj", "{B2C1E154-A487-4776-979C-2D7016F338C9}"
EndProject
Project("{FAE04EC0-301F-11D3-BF4B-00C04F79EFBC}") = "TencentAppStoreCap.Runner", "..\tool\AppStores\TencentAppStoreCap.Runner\TencentAppStoreCap.Runner.csproj", "{53B521F6-3CAC-47A3-8317-B3A40933C6A5}"
EndProject
Project("{FAE04EC0-301F-11D3-BF4B-00C04F79EFBC}") = "QihooAppStoreCap", "..\tool\AppStores\QihooAppStoreCap\QihooAppStoreCap.csproj", "{68B479C9-D262-44AF-B000-9DB0C5DF0D6E}"
EndProject
Global
	GlobalSection(SolutionConfigurationPlatforms) = preSolution
		Debug|Any CPU = Debug|Any CPU
		Release|Any CPU = Release|Any CPU
	EndGlobalSection
	GlobalSection(ProjectConfigurationPlatforms) = postSolution
		{98090192-1440-4E9F-867D-5F0A60342718}.Debug|Any CPU.ActiveCfg = Debug|Any CPU
		{98090192-1440-4E9F-867D-5F0A60342718}.Debug|Any CPU.Build.0 = Debug|Any CPU
		{98090192-1440-4E9F-867D-5F0A60342718}.Release|Any CPU.ActiveCfg = Release|Any CPU
		{98090192-1440-4E9F-867D-5F0A60342718}.Release|Any CPU.Build.0 = Release|Any CPU
		{FDDBF819-2011-4FD1-9CB0-3DA08D731D9E}.Debug|Any CPU.ActiveCfg = Debug|Any CPU
		{FDDBF819-2011-4FD1-9CB0-3DA08D731D9E}.Debug|Any CPU.Build.0 = Debug|Any CPU
		{FDDBF819-2011-4FD1-9CB0-3DA08D731D9E}.Release|Any CPU.ActiveCfg = Release|Any CPU
		{FDDBF819-2011-4FD1-9CB0-3DA08D731D9E}.Release|Any CPU.Build.0 = Release|Any CPU
		{2BC5B332-1AFC-4921-AC20-F9FA54352293}.Debug|Any CPU.ActiveCfg = Debug|Any CPU
		{2BC5B332-1AFC-4921-AC20-F9FA54352293}.Debug|Any CPU.Build.0 = Debug|Any CPU
		{2BC5B332-1AFC-4921-AC20-F9FA54352293}.Release|Any CPU.ActiveCfg = Release|Any CPU
		{2BC5B332-1AFC-4921-AC20-F9FA54352293}.Release|Any CPU.Build.0 = Release|Any CPU
		{4CCF9865-E731-4065-9638-114BDD12C2BF}.Debug|Any CPU.ActiveCfg = Debug|Any CPU
		{4CCF9865-E731-4065-9638-114BDD12C2BF}.Debug|Any CPU.Build.0 = Debug|Any CPU
		{4CCF9865-E731-4065-9638-114BDD12C2BF}.Release|Any CPU.ActiveCfg = Release|Any CPU
		{4CCF9865-E731-4065-9638-114BDD12C2BF}.Release|Any CPU.Build.0 = Release|Any CPU
		{4EAB6159-E307-4C31-8241-0CB556778111}.Debug|Any CPU.ActiveCfg = Debug|Any CPU
		{4EAB6159-E307-4C31-8241-0CB556778111}.Debug|Any CPU.Build.0 = Debug|Any CPU
		{4EAB6159-E307-4C31-8241-0CB556778111}.Release|Any CPU.ActiveCfg = Release|Any CPU
		{4EAB6159-E307-4C31-8241-0CB556778111}.Release|Any CPU.Build.0 = Release|Any CPU
		{451FC1B1-E472-46A9-BB21-6D619F162F75}.Debug|Any CPU.ActiveCfg = Debug|Any CPU
		{451FC1B1-E472-46A9-BB21-6D619F162F75}.Debug|Any CPU.Build.0 = Debug|Any CPU
		{451FC1B1-E472-46A9-BB21-6D619F162F75}.Release|Any CPU.ActiveCfg = Release|Any CPU
		{451FC1B1-E472-46A9-BB21-6D619F162F75}.Release|Any CPU.Build.0 = Release|Any CPU
		{F304BAA0-B2F6-415F-B7A2-6AF1BDE76E83}.Debug|Any CPU.ActiveCfg = Debug|Any CPU
		{F304BAA0-B2F6-415F-B7A2-6AF1BDE76E83}.Debug|Any CPU.Build.0 = Debug|Any CPU
		{F304BAA0-B2F6-415F-B7A2-6AF1BDE76E83}.Release|Any CPU.ActiveCfg = Release|Any CPU
		{F304BAA0-B2F6-415F-B7A2-6AF1BDE76E83}.Release|Any CPU.Build.0 = Release|Any CPU
		{E29DC22B-C075-47B9-880D-BF4B2464EF02}.Debug|Any CPU.ActiveCfg = Debug|Any CPU
		{E29DC22B-C075-47B9-880D-BF4B2464EF02}.Debug|Any CPU.Build.0 = Debug|Any CPU
		{E29DC22B-C075-47B9-880D-BF4B2464EF02}.Release|Any CPU.ActiveCfg = Release|Any CPU
		{E29DC22B-C075-47B9-880D-BF4B2464EF02}.Release|Any CPU.Build.0 = Release|Any CPU
		{6C0FC517-A9EA-4A59-9C48-9C7716C0EB4A}.Debug|Any CPU.ActiveCfg = Debug|Any CPU
		{6C0FC517-A9EA-4A59-9C48-9C7716C0EB4A}.Debug|Any CPU.Build.0 = Debug|Any CPU
		{6C0FC517-A9EA-4A59-9C48-9C7716C0EB4A}.Release|Any CPU.ActiveCfg = Release|Any CPU
		{6C0FC517-A9EA-4A59-9C48-9C7716C0EB4A}.Release|Any CPU.Build.0 = Release|Any CPU
		{4E7BE422-3CFE-4BAB-9CA7-FE71F1668558}.Debug|Any CPU.ActiveCfg = Debug|Any CPU
		{4E7BE422-3CFE-4BAB-9CA7-FE71F1668558}.Debug|Any CPU.Build.0 = Debug|Any CPU
		{4E7BE422-3CFE-4BAB-9CA7-FE71F1668558}.Release|Any CPU.ActiveCfg = Release|Any CPU
		{4E7BE422-3CFE-4BAB-9CA7-FE71F1668558}.Release|Any CPU.Build.0 = Release|Any CPU
		{048333FB-7F0C-4E8B-90FE-B333129C52BE}.Debug|Any CPU.ActiveCfg = Debug|Any CPU
		{048333FB-7F0C-4E8B-90FE-B333129C52BE}.Debug|Any CPU.Build.0 = Debug|Any CPU
		{048333FB-7F0C-4E8B-90FE-B333129C52BE}.Release|Any CPU.ActiveCfg = Release|Any CPU
		{048333FB-7F0C-4E8B-90FE-B333129C52BE}.Release|Any CPU.Build.0 = Release|Any CPU
		{B2C1E154-A487-4776-979C-2D7016F338C9}.Debug|Any CPU.ActiveCfg = Debug|Any CPU
		{B2C1E154-A487-4776-979C-2D7016F338C9}.Debug|Any CPU.Build.0 = Debug|Any CPU
		{B2C1E154-A487-4776-979C-2D7016F338C9}.Release|Any CPU.ActiveCfg = Release|Any CPU
		{B2C1E154-A487-4776-979C-2D7016F338C9}.Release|Any CPU.Build.0 = Release|Any CPU
		{53B521F6-3CAC-47A3-8317-B3A40933C6A5}.Debug|Any CPU.ActiveCfg = Debug|Any CPU
		{53B521F6-3CAC-47A3-8317-B3A40933C6A5}.Debug|Any CPU.Build.0 = Debug|Any CPU
		{53B521F6-3CAC-47A3-8317-B3A40933C6A5}.Release|Any CPU.ActiveCfg = Release|Any CPU
		{53B521F6-3CAC-47A3-8317-B3A40933C6A5}.Release|Any CPU.Build.0 = Release|Any CPU
		{68B479C9-D262-44AF-B000-9DB0C5DF0D6E}.Debug|Any CPU.ActiveCfg = Debug|Any CPU
		{68B479C9-D262-44AF-B000-9DB0C5DF0D6E}.Debug|Any CPU.Build.0 = Debug|Any CPU
		{68B479C9-D262-44AF-B000-9DB0C5DF0D6E}.Release|Any CPU.ActiveCfg = Release|Any CPU
		{68B479C9-D262-44AF-B000-9DB0C5DF0D6E}.Release|Any CPU.Build.0 = Release|Any CPU
	EndGlobalSection
	GlobalSection(SolutionProperties) = preSolution
		HideSolutionNode = FALSE
	EndGlobalSection
	GlobalSection(NestedProjects) = preSolution
		{98090192-1440-4E9F-867D-5F0A60342718} = {5F2982B3-B3D6-4D39-B3C9-5C74EDCEFDE4}
		{FDDBF819-2011-4FD1-9CB0-3DA08D731D9E} = {261EAFE7-C374-4A3F-86FE-B95404EED20C}
		{E29DC22B-C075-47B9-880D-BF4B2464EF02} = {261EAFE7-C374-4A3F-86FE-B95404EED20C}
		{2BC5B332-1AFC-4921-AC20-F9FA54352293} = {9262A736-5180-46F7-A14A-DAD9E7C61C29}
		{4CCF9865-E731-4065-9638-114BDD12C2BF} = {9262A736-5180-46F7-A14A-DAD9E7C61C29}
		{4EAB6159-E307-4C31-8241-0CB556778111} = {9262A736-5180-46F7-A14A-DAD9E7C61C29}
		{451FC1B1-E472-46A9-BB21-6D619F162F75} = {9262A736-5180-46F7-A14A-DAD9E7C61C29}
		{F304BAA0-B2F6-415F-B7A2-6AF1BDE76E83} = {9262A736-5180-46F7-A14A-DAD9E7C61C29}
		{048333FB-7F0C-4E8B-90FE-B333129C52BE} = {9262A736-5180-46F7-A14A-DAD9E7C61C29}
		{6C0FC517-A9EA-4A59-9C48-9C7716C0EB4A} = {CF6C33BD-588A-4EB4-9662-227E90595AAF}
		{4E7BE422-3CFE-4BAB-9CA7-FE71F1668558} = {242CDD9D-A430-4DC5-A95F-AEDD4BC9192A}
		{9EDEE298-3177-4112-8894-6DF882774079} = {FEE8CC0D-9AB0-4089-B377-0933C80D9139}
		{97EA9343-93D8-4560-A53D-5CFF09D3EA7A} = {FEE8CC0D-9AB0-4089-B377-0933C80D9139}
		{82322CF6-F270-431D-9CD8-B65F876392CD} = {97EA9343-93D8-4560-A53D-5CFF09D3EA7A}
		{B16F00DF-D9C6-4401-BEA7-2D6377D97906} = {97EA9343-93D8-4560-A53D-5CFF09D3EA7A}
		{53B521F6-3CAC-47A3-8317-B3A40933C6A5} = {82322CF6-F270-431D-9CD8-B65F876392CD}
		{B2C1E154-A487-4776-979C-2D7016F338C9} = {B16F00DF-D9C6-4401-BEA7-2D6377D97906}
		{68B479C9-D262-44AF-B000-9DB0C5DF0D6E} = {B16F00DF-D9C6-4401-BEA7-2D6377D97906}
	EndGlobalSection
EndGlobal
